
Microsoft Visual Studio Solution File, Format Version 12.00
# Visual Studio Version 17
VisualStudioVersion = 17.11.35327.3
MinimumVisualStudioVersion = 10.0.40219.1
Project("{FAE04EC0-301F-11D3-BF4B-00C04F79EFBC}") = "TCGCardShopSimulator_InstantTotalValue", "TCGCardShopSimulator_InstantTotalValue\TCGCardShopSimulator_InstantTotalValue.csproj", "{8256337C-A3ED-444A-A81D-BF0E23025FCD}"
EndProject
Global
	GlobalSection(SolutionConfigurationPlatforms) = preSolution
		Debug|Any CPU = Debug|Any CPU
		Release|Any CPU = Release|Any CPU
	EndGlobalSection
	GlobalSection(ProjectConfigurationPlatforms) = postSolution
		{8256337C-A3ED-444A-A81D-BF0E23025FCD}.Debug|Any CPU.ActiveCfg = Debug|Any CPU
		{8256337C-A3ED-444A-A81D-BF0E23025FCD}.Debug|Any CPU.Build.0 = Debug|Any CPU
		{8256337C-A3ED-444A-A81D-BF0E23025FCD}.Release|Any CPU.ActiveCfg = Release|Any CPU
		{8256337C-A3ED-444A-A81D-BF0E23025FCD}.Release|Any CPU.Build.0 = Release|Any CPU
	EndGlobalSection
	GlobalSection(SolutionProperties) = preSolution
		HideSolutionNode = FALSE
	EndGlobalSection
	GlobalSection(ExtensibilityGlobals) = postSolution
		SolutionGuid = {BC0DBBA2-7006-4C24-A2DD-1450E5FF9F3E}
	EndGlobalSection
EndGlobal
